# THIS IS AN AUTOGENERATED FILE. DO NOT EDIT THIS FILE DIRECTLY.
# yarn lockfile v1


"@octokit/auth-app@^8.1.2":
  version "8.2.0"
  resolved "https://registry.yarnpkg.com/@octokit/auth-app/-/auth-app-8.2.0.tgz#9e4ce3de1dfbcaefea43f24c8cafa20c179b287c"
  integrity sha512-vVjdtQQwomrZ4V46B9LaCsxsySxGoHsyw6IYBov/TqJVROrlYdyNgw5q6tQbB7KZt53v1l1W53RiqTvpzL907g==
  dependencies:
    "@octokit/auth-oauth-app" "^9.0.3"
    "@octokit/auth-oauth-user" "^6.0.2"
    "@octokit/request" "^10.0.6"
    "@octokit/request-error" "^7.0.2"
    "@octokit/types" "^16.0.0"
    toad-cache "^3.7.0"
    universal-github-app-jwt "^2.2.0"
    universal-user-agent "^7.0.0"

"@octokit/auth-oauth-app@^9.0.3":
  version "9.0.3"
  resolved "https://registry.yarnpkg.com/@octokit/auth-oauth-app/-/auth-oauth-app-9.0.3.tgz#7d7f55e0aea5b207a5c75e1db81385b0dd25113a"
  integrity sha512-+yoFQquaF8OxJSxTb7rnytBIC2ZLbLqA/yb71I4ZXT9+Slw4TziV9j/kyGhUFRRTF2+7WlnIWsePZCWHs+OGjg==
  dependencies:
    "@octokit/auth-oauth-device" "^8.0.3"
    "@octokit/auth-oauth-user" "^6.0.2"
    "@octokit/request" "^10.0.6"
    "@octokit/types" "^16.0.0"
    universal-user-agent "^7.0.0"

"@octokit/auth-oauth-device@^8.0.3":
  version "8.0.3"
  resolved "https://registry.yarnpkg.com/@octokit/auth-oauth-device/-/auth-oauth-device-8.0.3.tgz#d4b6a5d99c9c2365be1c11702d70668035a976be"
  integrity sha512-zh2W0mKKMh/VWZhSqlaCzY7qFyrgd9oTWmTmHaXnHNeQRCZr/CXy2jCgHo4e4dJVTiuxP5dLa0YM5p5QVhJHbw==
  dependencies:
    "@octokit/oauth-methods" "^6.0.2"
    "@octokit/request" "^10.0.6"
    "@octokit/types" "^16.0.0"
    universal-user-agent "^7.0.0"

"@octokit/auth-oauth-user@^6.0.2":
  version "6.0.2"
  resolved "https://registry.yarnpkg.com/@octokit/auth-oauth-user/-/auth-oauth-user-6.0.2.tgz#7ec9d2102a7680f2af0ebe2a96d8ad08a1634513"
  integrity sha512-qLoPPc6E6GJoz3XeDG/pnDhJpTkODTGG4kY0/Py154i/I003O9NazkrwJwRuzgCalhzyIeWQ+6MDvkUmKXjg/A==
  dependencies:
    "@octokit/auth-oauth-device" "^8.0.3"
    "@octokit/oauth-methods" "^6.0.2"
    "@octokit/request" "^10.0.6"
    "@octokit/types" "^16.0.0"
    universal-user-agent "^7.0.0"

"@octokit/auth-token@^6.0.0":
  version "6.0.0"
  resolved "https://registry.yarnpkg.com/@octokit/auth-token/-/auth-token-6.0.0.tgz#b02e9c08a2d8937df09a2a981f226ad219174c53"
  integrity sha512-P4YJBPdPSpWTQ1NU4XYdvHvXJJDxM6YwpS0FZHRgP7YFkdVxsWcpWGy/NVqlAA7PcPCnMacXlRm1y2PFZRWL/w==

"@octokit/auth-unauthenticated@^7.0.3":
  version "7.0.3"
  resolved "https://registry.yarnpkg.com/@octokit/auth-unauthenticated/-/auth-unauthenticated-7.0.3.tgz#48a469dcb6676f152fb06d24049f02de87e23993"
  integrity sha512-8Jb1mtUdmBHL7lGmop9mU9ArMRUTRhg8vp0T1VtZ4yd9vEm3zcLwmjQkhNEduKawOOORie61xhtYIhTDN+ZQ3g==
  dependencies:
    "@octokit/request-error" "^7.0.2"
    "@octokit/types" "^16.0.0"

"@octokit/core@^7.0.3":
  version "7.0.6"
  resolved "https://registry.yarnpkg.com/@octokit/core/-/core-7.0.6.tgz#0d58704391c6b681dec1117240ea4d2a98ac3916"
  integrity sha512-DhGl4xMVFGVIyMwswXeyzdL4uXD5OGILGX5N8Y+f6W7LhC1Ze2poSNrkF/fedpVDHEEZ+PHFW0vL14I+mm8K3Q==
  dependencies:
    "@octokit/auth-token" "^6.0.0"
    "@octokit/graphql" "^9.0.3"
    "@octokit/request" "^10.0.6"
    "@octokit/request-error" "^7.0.2"
    "@octokit/types" "^16.0.0"
    before-after-hook "^4.0.0"
    universal-user-agent "^7.0.0"

"@octokit/endpoint@^11.0.3":
  version "11.0.3"
  resolved "https://registry.yarnpkg.com/@octokit/endpoint/-/endpoint-11.0.3.tgz#acf5f7feddde4e12185d5312ee38ff77235d8205"
  integrity sha512-FWFlNxghg4HrXkD3ifYbS/IdL/mDHjh9QcsNyhQjN8dplUoZbejsdpmuqdA76nxj2xoWPs7p8uX2SNr9rYu0Ag==
  dependencies:
    "@octokit/types" "^16.0.0"
    universal-user-agent "^7.0.2"

"@octokit/graphql@^9.0.3":
  version "9.0.3"
  resolved "https://registry.yarnpkg.com/@octokit/graphql/-/graphql-9.0.3.tgz#5b8341c225909e924b466705c13477face869456"
  integrity sha512-grAEuupr/C1rALFnXTv6ZQhFuL1D8G5y8CN04RgrO4FIPMrtm+mcZzFG7dcBm+nq+1ppNixu+Jd78aeJOYxlGA==
  dependencies:
    "@octokit/request" "^10.0.6"
    "@octokit/types" "^16.0.0"
    universal-user-agent "^7.0.0"

"@octokit/oauth-authorization-url@^8.0.0":
  version "8.0.0"
  resolved "https://registry.yarnpkg.com/@octokit/oauth-authorization-url/-/oauth-authorization-url-8.0.0.tgz#fdbab39a07d38faaad8621a5fdf04bc0c36d63e7"
  integrity sha512-7QoLPRh/ssEA/HuHBHdVdSgF8xNLz/Bc5m9fZkArJE5bb6NmVkDm3anKxXPmN1zh6b5WKZPRr3697xKT/yM3qQ==

"@octokit/oauth-methods@^6.0.2":
  version "6.0.2"
  resolved "https://registry.yarnpkg.com/@octokit/oauth-methods/-/oauth-methods-6.0.2.tgz#0c3da61244040cd2e9075d5949b5deed3fa6e52c"
  integrity sha512-HiNOO3MqLxlt5Da5bZbLV8Zarnphi4y9XehrbaFMkcoJ+FL7sMxH/UlUsCVxpddVu4qvNDrBdaTVE2o4ITK8ng==
  dependencies:
    "@octokit/oauth-authorization-url" "^8.0.0"
    "@octokit/request" "^10.0.6"
    "@octokit/request-error" "^7.0.2"
    "@octokit/types" "^16.0.0"

"@octokit/openapi-types@^27.0.0":
  version "27.0.0"
  resolved "https://registry.yarnpkg.com/@octokit/openapi-types/-/openapi-types-27.0.0.tgz#374ea53781965fd02a9d36cacb97e152cefff12d"
  integrity sha512-whrdktVs1h6gtR+09+QsNk2+FO+49j6ga1c55YZudfEG+oKJVvJLQi3zkOm5JjiUXAagWK2tI2kTGKJ2Ys7MGA==

"@octokit/openapi-webhooks-types@12.1.0":
  version "12.1.0"
  resolved "https://registry.yarnpkg.com/@octokit/openapi-webhooks-types/-/openapi-webhooks-types-12.1.0.tgz#6f1b2839a0d00c9524e81f16d8735ec410bce187"
  integrity sha512-WiuzhOsiOvb7W3Pvmhf8d2C6qaLHXrWiLBP4nJ/4kydu+wpagV5Fkz9RfQwV2afYzv3PB+3xYgp4mAdNGjDprA==

"@octokit/plugin-enterprise-compatibility@^6.0.1":
  version "6.0.3"
  resolved "https://registry.yarnpkg.com/@octokit/plugin-enterprise-compatibility/-/plugin-enterprise-compatibility-6.0.3.tgz#686777f501b7caa69a39c44e3eb37265bf654d69"
  integrity sha512-CmLJklw7eOAFhKpK0L2lCdHzCJXXnsq+zPLvQ6ys2qEB2pxdkPo6meqj73FxbNScaYz0OOPIpSZfJqx/vovLEQ==
  dependencies:
    "@octokit/request-error" "^7.1.0"
    "@octokit/types" "^16.0.0"

"@octokit/plugin-paginate-rest@^14.0.0":
  version "14.0.0"
  resolved "https://registry.yarnpkg.com/@octokit/plugin-paginate-rest/-/plugin-paginate-rest-14.0.0.tgz#44dc9fff2dacb148d4c5c788b573ddc044503026"
  integrity sha512-fNVRE7ufJiAA3XUrha2omTA39M6IXIc6GIZLvlbsm8QOQCYvpq/LkMNGyFlB1d8hTDzsAXa3OKtybdMAYsV/fw==
  dependencies:
    "@octokit/types" "^16.0.0"

"@octokit/plugin-rest-endpoint-methods@^17.0.0":
  version "17.0.0"
  resolved "https://registry.yarnpkg.com/@octokit/plugin-rest-endpoint-methods/-/plugin-rest-endpoint-methods-17.0.0.tgz#8c54397d3a4060356a1c8a974191ebf945924105"
  integrity sha512-B5yCyIlOJFPqUUeiD0cnBJwWJO8lkJs5d8+ze9QDP6SvfiXSz1BF+91+0MeI1d2yxgOhU/O+CvtiZ9jSkHhFAw==
  dependencies:
    "@octokit/types" "^16.0.0"

"@octokit/plugin-retry@^8.0.1":
  version "8.1.0"
  resolved "https://registry.yarnpkg.com/@octokit/plugin-retry/-/plugin-retry-8.1.0.tgz#e25c2fb5e0a09cfe674ef9df75d7ca4fafa16c11"
  integrity sha512-O1FZgXeiGb2sowEr/hYTr6YunGdSAFWnr2fyW39Ah85H8O33ELASQxcvOFF5LE6Tjekcyu2ms4qAzJVhSaJxTw==
  dependencies:
    "@octokit/request-error" "^7.0.2"
    "@octokit/types" "^16.0.0"
    bottleneck "^2.15.3"

"@octokit/plugin-throttling@^11.0.1":
  version "11.0.3"
  resolved "https://registry.yarnpkg.com/@octokit/plugin-throttling/-/plugin-throttling-11.0.3.tgz#584b1a9ca73a5daafeeb7dd5cc13a1bd29a6a60d"
  integrity sha512-34eE0RkFCKycLl2D2kq7W+LovheM/ex3AwZCYN8udpi6bxsyjZidb2McXs69hZhLmJlDqTSP8cH+jSRpiaijBg==
  dependencies:
    "@octokit/types" "^16.0.0"
    bottleneck "^2.15.3"

"@octokit/request-error@^7.0.0", "@octokit/request-error@^7.0.2", "@octokit/request-error@^7.1.0":
  version "7.1.0"
  resolved "https://registry.yarnpkg.com/@octokit/request-error/-/request-error-7.1.0.tgz#440fa3cae310466889778f5a222b47a580743638"
  integrity sha512-KMQIfq5sOPpkQYajXHwnhjCC0slzCNScLHs9JafXc4RAJI+9f+jNDlBNaIMTvazOPLgb4BnlhGJOTbnN0wIjPw==
  dependencies:
    "@octokit/types" "^16.0.0"

"@octokit/request@^10.0.3", "@octokit/request@^10.0.6":
  version "10.0.8"
  resolved "https://registry.yarnpkg.com/@octokit/request/-/request-10.0.8.tgz#6609a5a38ad6f8ee203d9eb8ac9361d906a4414e"
  integrity sha512-SJZNwY9pur9Agf7l87ywFi14W+Hd9Jg6Ifivsd33+/bGUQIjNujdFiXII2/qSlN2ybqUHfp5xpekMEjIBTjlSw==
  dependencies:
    "@octokit/endpoint" "^11.0.3"
    "@octokit/request-error" "^7.0.2"
    "@octokit/types" "^16.0.0"
    fast-content-type-parse "^3.0.0"
    json-with-bigint "^3.5.3"
    universal-user-agent "^7.0.2"

"@octokit/types@^16.0.0":
  version "16.0.0"
  resolved "https://registry.yarnpkg.com/@octokit/types/-/types-16.0.0.tgz#fbd7fa590c2ef22af881b1d79758bfaa234dbb7c"
  integrity sha512-sKq+9r1Mm4efXW1FCk7hFSeJo4QKreL/tTbR0rz/qx/r1Oa2VV83LTA/H/MuCOX7uCIJmQVRKBcbmWoySjAnSg==
  dependencies:
    "@octokit/openapi-types" "^27.0.0"

"@octokit/webhooks-methods@^6.0.0":
  version "6.0.0"
  resolved "https://registry.yarnpkg.com/@octokit/webhooks-methods/-/webhooks-methods-6.0.0.tgz#34abf78aec6f826fe561cfe79d2ebb1950d1d25f"
  integrity sha512-MFlzzoDJVw/GcbfzVC1RLR36QqkTLUf79vLVO3D+xn7r0QgxnFoLZgtrzxiQErAjFUOdH6fas2KeQJ1yr/qaXQ==

"@octokit/webhooks@^14.1.2":
  version "14.2.0"
  resolved "https://registry.yarnpkg.com/@octokit/webhooks/-/webhooks-14.2.0.tgz#db5e730fb3a2841f4dec6a1394d98589e74371d2"
  integrity sha512-da6KbdNCV5sr1/txD896V+6W0iamFWrvVl8cHkBSPT+YlvmT3DwXa4jxZnQc+gnuTEqSWbBeoSZYTayXH9wXcw==
  dependencies:
    "@octokit/openapi-webhooks-types" "12.1.0"
    "@octokit/request-error" "^7.0.0"
    "@octokit/webhooks-methods" "^6.0.0"

"@pinojs/redact@^0.4.0":
  version "0.4.0"
  resolved "https://registry.yarnpkg.com/@pinojs/redact/-/redact-0.4.0.tgz#c3de060dd12640dcc838516aa2a6803cc7b2e9d6"
  integrity sha512-k2ENnmBugE/rzQfEcdWHcCY+/FM3VLzH9cYEsbdsoqrvzAKRhUZeRNhAZvB8OitQJ1TBed3yqWtdjzS6wJKBwg==

"@probot/get-private-key@^2.1.1":
  version "2.1.1"
  resolved "https://registry.yarnpkg.com/@probot/get-private-key/-/get-private-key-2.1.1.tgz#87a6d9015a5fd8bea3516d2ff64f83f316865685"
  integrity sha512-i20LJE0751wWDCiTQmyS6UM65vNWOZMim/DAxIFQWfoPJSBPdFPgNffG1XbTiMfl4et8JCBZWab9ldxDtzhcWw==

"@probot/octokit-plugin-config@^4.0.0":
  version "4.1.0"
  resolved "https://registry.yarnpkg.com/@probot/octokit-plugin-config/-/octokit-plugin-config-4.1.0.tgz#2161670ff86c061169e11d5c3a5de81b298e6fdf"
  integrity sha512-G4uzWzLPBX6EKs6DgabT+ZsTas1OAxRQhaXeLArm6gJl5RVAskfrZ8VEQJNj7XUI91KvayM9C42hMIbrnstBkQ==
  dependencies:
    yaml "^2.8.1"

"@probot/pino@^5.0.1":
  version "5.0.1"
  resolved "https://registry.yarnpkg.com/@probot/pino/-/pino-5.0.1.tgz#a00e2cb9f32568248291dd9f40c57ff568d1617c"
  integrity sha512-ULNKXY9jewO1/BHME3ZmsP3yHYocJBErT5D5fWxaQnoHNS635mTqBI2NszIGZO/56/i/lRFm+J9gp2NOkM6yjQ==
  dependencies:
    npx-import-light "^1.0.0"
    pino-pretty "^13.0.0"
    pump "^3.0.0"
    split2 "^4.0.0"

"@types/asn1@*":
  version "0.2.4"
  resolved "https://registry.yarnpkg.com/@types/asn1/-/asn1-0.2.4.tgz#a0f89f9ddad8186c9c081c5df2e5cade855d2ac0"
  integrity sha512-V91DSJ2l0h0gRhVP4oBfBzRBN9lAbPUkGDMCnwedqPKX2d84aAMc9CulOvxdw1f7DfEYx99afab+Rsm3e52jhA==
  dependencies:
    "@types/node" "*"

"@types/node-fetch@2.6.13":
  version "2.6.13"
  resolved "https://registry.yarnpkg.com/@types/node-fetch/-/node-fetch-2.6.13.tgz#e0c9b7b5edbdb1b50ce32c127e85e880872d56ee"
  integrity sha512-QGpRVpzSaUs30JBSGPjOg4Uveu384erbHBoT1zeONvyCfwQxIkUshLAOqN/k9EjGviPRmWTTe6aH2qySWKTVSw==
  dependencies:
    "@types/node" "*"
    form-data "^4.0.4"

"@types/node@*":
  version "25.5.0"
  resolved "https://registry.yarnpkg.com/@types/node/-/node-25.5.0.tgz#5c99f37c443d9ccc4985866913f1ed364217da31"
  integrity sha512-jp2P3tQMSxWugkCUKLRPVUpGaL5MVFwF8RDuSRztfwgN1wmqJeMSbKlnEtQqU8UrhTmzEmZdu2I6v2dpp7XIxw==
  dependencies:
    undici-types "~7.18.0"

"@types/node@24.12.0":
  version "24.12.0"
  resolved "https://registry.yarnpkg.com/@types/node/-/node-24.12.0.tgz#6222e028210e5322e4f4f6767f8d88e5ea3b33d2"
  integrity sha512-GYDxsZi3ChgmckRT9HPU0WEhKLP08ev/Yfcq2AstjrDASOYCSXeyjDsHg4v5t4jOj7cyDX3vmprafKlWIG9MXQ==
  dependencies:
    undici-types "~7.16.0"

"@types/sshpk@1.17.4":
  version "1.17.4"
  resolved "https://registry.yarnpkg.com/@types/sshpk/-/sshpk-1.17.4.tgz#239f86cc7f39c74285d4aea1cfee9fb3288f856f"
  integrity sha512-5gI/7eJn6wmkuIuFY8JZJ1g5b30H9K5U5vKrvOuYu+hoZLb2xcVEgxhYZ2Vhbs0w/ACyzyfkJq0hQtBfSCugjw==
  dependencies:
    "@types/asn1" "*"
    "@types/node" "*"

asn1@~0.2.3:
  version "0.2.6"
  resolved "https://registry.yarnpkg.com/asn1/-/asn1-0.2.6.tgz#0d3a7bb6e64e02a90c0303b31f292868ea09a08d"
  integrity sha512-ix/FxPn0MDjeyJ7i/yoHGFt/EX6LyNbxSEhPPXODPL+KB0VPk86UYfL0lMdy+KCnv+fmvIzySwaK5COwqVbWTQ==
  dependencies:
    safer-buffer "~2.1.0"

assert-plus@^1.0.0:
  version "1.0.0"
  resolved "https://registry.yarnpkg.com/assert-plus/-/assert-plus-1.0.0.tgz#f12e0f3c5d77b0b1cdd9146942e4e96c1e4dd525"
  integrity sha512-NfJ4UzBCcQGLDlQq7nHxH+tv3kyZ0hHQqF5BO6J7tNJeP5do1llPr8dZ8zHonfhAu0PHAdMkSo+8o0wxg9lZWw==

asynckit@^0.4.0:
  version "0.4.0"
  resolved "https://registry.yarnpkg.com/asynckit/-/asynckit-0.4.0.tgz#c79ed97f7f34cb8f2ba1bc9790bcc366474b4b79"
  integrity sha512-Oei9OH4tRh0YqU3GxhX79dM/mwVgvbZJaSNaRk+bshkj0S5cfHcgYakreBjrHwatXKbz+IoIdYLxrKim2MjW0Q==

atomic-sleep@^1.0.0:
  version "1.0.0"
  resolved "https://registry.yarnpkg.com/atomic-sleep/-/atomic-sleep-1.0.0.tgz#eb85b77a601fc932cfe432c5acd364a9e2c9075b"
  integrity sha512-kNOjDqAh7px0XWNI+4QbzoiR/nTkHAWNud2uvnJquD1/x5a7EQZMJT0AczqK0Qn67oY/TTQ1LbUKajZpp3I9tQ==

bcrypt-pbkdf@^1.0.0:
  version "1.0.2"
  resolved "https://registry.yarnpkg.com/bcrypt-pbkdf/-/bcrypt-pbkdf-1.0.2.tgz#a4301d389b6a43f9b67ff3ca11a3f6637e360e9e"
  integrity sha512-qeFIXtP4MSoi6NLqO12WfqARWWuCKi2Rn/9hJLEmtB5yTNr9DqFWkJRCf2qShWzPeAMRnOgCrq0sg/KLv5ES9w==
  dependencies:
    tweetnacl "^0.14.3"

before-after-hook@^4.0.0:
  version "4.0.0"
  resolved "https://registry.yarnpkg.com/before-after-hook/-/before-after-hook-4.0.0.tgz#cf1447ab9160df6a40f3621da64d6ffc36050cb9"
  integrity sha512-q6tR3RPqIB1pMiTRMFcZwuG5T8vwp+vUvEG0vuI6B+Rikh5BfPp2fQ82c925FOs+b0lcFQ8CFrL+KbilfZFhOQ==

bottleneck@^2.15.3, bottleneck@^2.19.5:
  version "2.19.5"
  resolved "https://registry.yarnpkg.com/bottleneck/-/bottleneck-2.19.5.tgz#5df0b90f59fd47656ebe63c78a98419205cadd91"
  integrity sha512-VHiNCbI1lKdl44tGrhNfU3lup0Tj/ZBMJB5/2ZbNXRCPuRCO7ed2mgcK4r17y+KB2EfuYuRaVlwNbAeaWGSpbw==

call-bind-apply-helpers@^1.0.1, call-bind-apply-helpers@^1.0.2:
  version "1.0.2"
  resolved "https://registry.yarnpkg.com/call-bind-apply-helpers/-/call-bind-apply-helpers-1.0.2.tgz#4b5428c222be985d79c3d82657479dbe0b59b2d6"
  integrity sha512-Sp1ablJ0ivDkSzjcaJdxEunN5/XvksFJ2sMBFfq6x0ryhQV/2b/KwFe21cMpmHtPOSij8K99/wSfoEuTObmuMQ==
  dependencies:
    es-errors "^1.3.0"
    function-bind "^1.1.2"

colorette@^2.0.7:
  version "2.0.20"
  resolved "https://registry.yarnpkg.com/colorette/-/colorette-2.0.20.tgz#9eb793e6833067f7235902fcd3b09917a000a95a"
  integrity sha512-IfEDxwoWIjkeXL1eXcDiow4UbKjhLdq6/EuSVR9GMN7KVH3r9gQ83e73hsz1Nd1T3ijd5xv1wcWRYO+D6kCI2w==

combined-stream@^1.0.8:
  version "1.0.8"
  resolved "https://registry.yarnpkg.com/combined-stream/-/combined-stream-1.0.8.tgz#c3d45a8b34fd730631a110a8a2520682b31d5a7f"
  integrity sha512-FQN4MRfuJeHf7cBbBMJFXhKSDq+2kAArBlmRBvcvFE5BB1HZKXtSFASDhdlz9zOYwxh8lDdnvmMOe/+5cdoEdg==
  dependencies:
    delayed-stream "~1.0.0"

dashdash@^1.12.0:
  version "1.14.1"
  resolved "https://registry.yarnpkg.com/dashdash/-/dashdash-1.14.1.tgz#853cfa0f7cbe2fed5de20326b8dd581035f6e2f0"
  integrity sha512-jRFi8UDGo6j+odZiEpjazZaWqEal3w/basFjQHQEwVtZJGDpxbH1MeYluwCS8Xq5wmLJooDlMgvVarmWfGM44g==
  dependencies:
    assert-plus "^1.0.0"

data-uri-to-buffer@^4.0.0:
  version "4.0.1"
  resolved "https://registry.yarnpkg.com/data-uri-to-buffer/-/data-uri-to-buffer-4.0.1.tgz#d8feb2b2881e6a4f58c2e08acfd0e2834e26222e"
  integrity sha512-0R9ikRb668HB7QDxT1vkpuUBtqc53YyAwMwGeUFKRojY/NWKvdZ+9UYtRfGmhqNbRkTSVpMbmyhXipFFv2cb/A==

dateformat@^4.6.3:
  version "4.6.3"
  resolved "https://registry.yarnpkg.com/dateformat/-/dateformat-4.6.3.tgz#556fa6497e5217fedb78821424f8a1c22fa3f4b5"
  integrity sha512-2P0p0pFGzHS5EMnhdxQi7aJN+iMheud0UhG4dlE1DLAlvL8JHjJJTX/CSm4JXwV0Ka5nGk3zC5mcb5bUQUxxMA==

deepmerge@^4.3.1:
  version "4.3.1"
  resolved "https://registry.yarnpkg.com/deepmerge/-/deepmerge-4.3.1.tgz#44b5f2147cd3b00d4b56137685966f26fd25dd4a"
  integrity sha512-3sUqbMEc77XqpdNO7FRyRog+eW3ph+GYCbj+rK+uYyRMuwsVy0rMiVtPn+QJlKFvWP/1PYpapqYn0Me2knFn+A==

delayed-stream@~1.0.0:
  version "1.0.0"
  resolved "https://registry.yarnpkg.com/delayed-stream/-/delayed-stream-1.0.0.tgz#df3ae199acadfb7d440aaae0b29e2272b24ec619"
  integrity sha512-ZySD7Nf91aLB0RxL4KGrKHBXl7Eds1DAmEdcoVawXnLD7SDhpNgtuII2aAkg7a7QS41jxPSZ17p4VdGnMHk3MQ==

dunder-proto@^1.0.1:
  version "1.0.1"
  resolved "https://registry.yarnpkg.com/dunder-proto/-/dunder-proto-1.0.1.tgz#d7ae667e1dc83482f8b70fd0f6eefc50da30f58a"
  integrity sha512-KIN/nDJBQRcXw0MLVhZE9iQHmG68qAVIBg9CqmUYjmQIhgij9U5MFvrqkUL5FbtyyzZuOeOt0zdeRe4UY7ct+A==
  dependencies:
    call-bind-apply-helpers "^1.0.1"
    es-errors "^1.3.0"
    gopd "^1.2.0"

ecc-jsbn@~0.1.1:
  version "0.1.2"
  resolved "https://registry.yarnpkg.com/ecc-jsbn/-/ecc-jsbn-0.1.2.tgz#3a83a904e54353287874c564b7549386849a98c9"
  integrity sha512-eh9O+hwRHNbG4BLTjEl3nw044CkGm5X6LoaCf7LPp7UU8Qrt47JYNi6nPX8xjW97TKGKm1ouctg0QSpZe9qrnw==
  dependencies:
    jsbn "~0.1.0"
    safer-buffer "^2.1.0"

end-of-stream@^1.1.0:
  version "1.4.5"
  resolved "https://registry.yarnpkg.com/end-of-stream/-/end-of-stream-1.4.5.tgz#7344d711dea40e0b74abc2ed49778743ccedb08c"
  integrity sha512-ooEGc6HP26xXq/N+GCGOT0JKCLDGrq2bQUZrQ7gyrJiZANJ/8YDTxTpQBXGMn+WbIQXNVpyWymm7KYVICQnyOg==
  dependencies:
    once "^1.4.0"

es-define-property@^1.0.1:
  version "1.0.1"
  resolved "https://registry.yarnpkg.com/es-define-property/-/es-define-property-1.0.1.tgz#983eb2f9a6724e9303f61addf011c72e09e0b0fa"
  integrity sha512-e3nRfgfUZ4rNGL232gUgX06QNyyez04KdjFrF+LTRoOXmrOgFKDg4BCdsjW8EnT69eqdYGmRpJwiPVYNrCaW3g==

es-errors@^1.3.0:
  version "1.3.0"
  resolved "https://registry.yarnpkg.com/es-errors/-/es-errors-1.3.0.tgz#05f75a25dab98e4fb1dcd5e1472c0546d5057c8f"
  integrity sha512-Zf5H2Kxt2xjTvbJvP2ZWLEICxA6j+hAmMzIlypy4xcBg1vKVnx89Wy0GbS+kf5cwCVFFzdCFh2XSCFNULS6csw==

es-object-atoms@^1.0.0, es-object-atoms@^1.1.1:
  version "1.1.1"
  resolved "https://registry.yarnpkg.com/es-object-atoms/-/es-object-atoms-1.1.1.tgz#1c4f2c4837327597ce69d2ca190a7fdd172338c1"
  integrity sha512-FGgH2h8zKNim9ljj7dankFPcICIK9Cp5bm+c2gQSYePhpaG5+esrLODihIorn+Pe6FGJzWhXQotPv73jTaldXA==
  dependencies:
    es-errors "^1.3.0"

es-set-tostringtag@^2.1.0:
  version "2.1.0"
  resolved "https://registry.yarnpkg.com/es-set-tostringtag/-/es-set-tostringtag-2.1.0.tgz#f31dbbe0c183b00a6d26eb6325c810c0fd18bd4d"
  integrity sha512-j6vWzfrGVfyXxge+O0x5sh6cvxAog0a/4Rdd2K36zCMV5eJ+/+tOAngRO8cODMNWbVRdVlmGZQL2YS3yR8bIUA==
  dependencies:
    es-errors "^1.3.0"
    get-intrinsic "^1.2.6"
    has-tostringtag "^1.0.2"
    hasown "^2.0.2"

eventsource-parser@^3.0.1:
  version "3.0.6"
  resolved "https://registry.yarnpkg.com/eventsource-parser/-/eventsource-parser-3.0.6.tgz#292e165e34cacbc936c3c92719ef326d4aeb4e90"
  integrity sha512-Vo1ab+QXPzZ4tCa8SwIHJFaSzy4R6SHf7BY79rFBDf0idraZWAkYrDjDj8uWaSm3S2TK+hJ7/t1CEmZ7jXw+pg==

eventsource@^4.0.0:
  version "4.1.0"
  resolved "https://registry.yarnpkg.com/eventsource/-/eventsource-4.1.0.tgz#19e552341e4375289121fe7e1c9d401e5b1f7e8b"
  integrity sha512-2GuF51iuHX6A9xdTccMTsNb7VO0lHZihApxhvQzJB5A03DvHDd2FQepodbMaztPBmBcE/ox7o2gqaxGhYB9LhQ==
  dependencies:
    eventsource-parser "^3.0.1"

fast-content-type-parse@^3.0.0:
  version "3.0.0"
  resolved "https://registry.yarnpkg.com/fast-content-type-parse/-/fast-content-type-parse-3.0.0.tgz#5590b6c807cc598be125e6740a9fde589d2b7afb"
  integrity sha512-ZvLdcY8P+N8mGQJahJV5G4U88CSvT1rP8ApL6uETe88MBXrBHAkZlSEySdUlyztF7ccb+Znos3TFqaepHxdhBg==

fast-copy@^4.0.0:
  version "4.0.2"
  resolved "https://registry.yarnpkg.com/fast-copy/-/fast-copy-4.0.2.tgz#57f14115e1edbec274f69090072a480aa29cbedd"
  integrity sha512-ybA6PDXIXOXivLJK/z9e+Otk7ve13I4ckBvGO5I2RRmBU1gMHLVDJYEuJYhGwez7YNlYji2M2DvVU+a9mSFDlw==

fast-safe-stringify@^2.1.1:
  version "2.1.1"
  resolved "https://registry.yarnpkg.com/fast-safe-stringify/-/fast-safe-stringify-2.1.1.tgz#c406a83b6e70d9e35ce3b30a81141df30aeba884"
  integrity sha512-W+KJc2dmILlPplD/H4K9l9LcAHAfPtP6BY84uVLXQ6Evcz9Lcg33Y2z1IVblT6xdY54PXYVHEv+0Wpq8Io6zkA==

fetch-blob@^3.1.2, fetch-blob@^3.1.4:
  version "3.2.0"
  resolved "https://registry.yarnpkg.com/fetch-blob/-/fetch-blob-3.2.0.tgz#f09b8d4bbd45adc6f0c20b7e787e793e309dcce9"
  integrity sha512-7yAQpD2UMJzLi1Dqv7qFYnPbaPx7ZfFK6PiIxQ4PfkGPyNyl2Ugx+a/umUonmKqjhM4DnfbMvdX6otXq83soQQ==
  dependencies:
    node-domexception "^1.0.0"
    web-streams-polyfill "^3.0.3"

find-up-simple@^1.0.0:
  version "1.0.1"
  resolved "https://registry.yarnpkg.com/find-up-simple/-/find-up-simple-1.0.1.tgz#18fb90ad49e45252c4d7fca56baade04fa3fca1e"
  integrity sha512-afd4O7zpqHeRyg4PfDQsXmlDe2PfdHtJt6Akt8jOWaApLOZk5JXs6VMR29lz03pRe9mpykrRCYIYxaJYcfpncQ==

form-data@^4.0.4:
  version "4.0.5"
  resolved "https://registry.yarnpkg.com/form-data/-/form-data-4.0.5.tgz#b49e48858045ff4cbf6b03e1805cebcad3679053"
  integrity sha512-8RipRLol37bNs2bhoV67fiTEvdTrbMUYcFTiy3+wuuOnUog2QBHCZWXDRijWQfAkhBj2Uf5UnVaiWwA5vdd82w==
  dependencies:
    asynckit "^0.4.0"
    combined-stream "^1.0.8"
    es-set-tostringtag "^2.1.0"
    hasown "^2.0.2"
    mime-types "^2.1.12"

formdata-polyfill@^4.0.10:
  version "4.0.10"
  resolved "https://registry.yarnpkg.com/formdata-polyfill/-/formdata-polyfill-4.0.10.tgz#24807c31c9d402e002ab3d8c720144ceb8848423"
  integrity sha512-buewHzMvYL29jdeQTVILecSaZKnt/RJWjoZCF5OW60Z67/GmSLBkOFM7qh1PI3zFNtJbaZL5eQu1vLfazOwj4g==
  dependencies:
    fetch-blob "^3.1.2"

function-bind@^1.1.2:
  version "1.1.2"
  resolved "https://registry.yarnpkg.com/function-bind/-/function-bind-1.1.2.tgz#2c02d864d97f3ea6c8830c464cbd11ab6eab7a1c"
  integrity sha512-7XHNxH7qX9xG5mIwxkhumTox/MIRNcOgDrxWsMt2pAr23WHp6MrRlN7FBSFpCpr+oVO0F744iUgR82nJMfG2SA==

get-caller-file@^2.0.5:
  version "2.0.5"
  resolved "https://registry.yarnpkg.com/get-caller-file/-/get-caller-file-2.0.5.tgz#4f94412a82db32f36e3b0b9741f8a97feb031f7e"
  integrity sha512-DyFP3BM/3YHTQOCUL/w0OZHR0lpKeGrxotcHWcqNEdnltqFwXVfhEBQ94eIo34AfQpo0rGki4cyIiftY06h2Fg==

get-intrinsic@^1.2.6:
  version "1.3.0"
  resolved "https://registry.yarnpkg.com/get-intrinsic/-/get-intrinsic-1.3.0.tgz#743f0e3b6964a93a5491ed1bffaae054d7f98d01"
  integrity sha512-9fSjSaos/fRIVIp+xSJlE6lfwhES7LNtKaCBIamHsjr2na1BiABJPo0mOjjz8GJDURarmCPGqaiVg5mfjb98CQ==
  dependencies:
    call-bind-apply-helpers "^1.0.2"
    es-define-property "^1.0.1"
    es-errors "^1.3.0"
    es-object-atoms "^1.1.1"
    function-bind "^1.1.2"
    get-proto "^1.0.1"
    gopd "^1.2.0"
    has-symbols "^1.1.0"
    hasown "^2.0.2"
    math-intrinsics "^1.1.0"

get-proto@^1.0.1:
  version "1.0.1"
  resolved "https://registry.yarnpkg.com/get-proto/-/get-proto-1.0.1.tgz#150b3f2743869ef3e851ec0c49d15b1d14d00ee1"
  integrity sha512-sTSfBjoXBp89JvIKIefqw7U2CCebsc74kiY6awiGogKtoSGbgjYE/G/+l9sF3MWFPNc9IcoOC4ODfKHfxFmp0g==
  dependencies:
    dunder-proto "^1.0.1"
    es-object-atoms "^1.0.0"

getpass@^0.1.1:
  version "0.1.7"
  resolved "https://registry.yarnpkg.com/getpass/-/getpass-0.1.7.tgz#5eff8e3e684d569ae4cb2b1282604e8ba62149fa"
  integrity sha512-0fzj9JxOLfJ+XGLhR8ze3unN0KZCgZwiSSDz168VERjK8Wl8kVSdcu2kspd4s4wtAa1y/qrVRiAA0WclVsu0ng==
  dependencies:
    assert-plus "^1.0.0"

gopd@^1.2.0:
  version "1.2.0"
  resolved "https://registry.yarnpkg.com/gopd/-/gopd-1.2.0.tgz#89f56b8217bdbc8802bd299df6d7f1081d7e51a1"
  integrity sha512-ZUKRh6/kUFoAiTAtTYPZJ3hw9wNxx+BIBOijnlG9PnrJsCcSjs1wyyD6vJpaYtgnzDrKYRSqf3OO6Rfa93xsRg==

has-symbols@^1.0.3, has-symbols@^1.1.0:
  version "1.1.0"
  resolved "https://registry.yarnpkg.com/has-symbols/-/has-symbols-1.1.0.tgz#fc9c6a783a084951d0b971fe1018de813707a338"
  integrity sha512-1cDNdwJ2Jaohmb3sg4OmKaMBwuC48sYni5HUw2DvsC8LjGTLK9h+eb1X6RyuOHe4hT0ULCW68iomhjUoKUqlPQ==

has-tostringtag@^1.0.2:
  version "1.0.2"
  resolved "https://registry.yarnpkg.com/has-tostringtag/-/has-tostringtag-1.0.2.tgz#2cdc42d40bef2e5b4eeab7c01a73c54ce7ab5abc"
  integrity sha512-NqADB8VjPFLM2V0VvHUewwwsw0ZWBaIdgo+ieHtK3hasLz4qeCRjYcqfB6AQrBggRKppKF8L52/VqdVsO47Dlw==
  dependencies:
    has-symbols "^1.0.3"

hasown@^2.0.2:
  version "2.0.2"
  resolved "https://registry.yarnpkg.com/hasown/-/hasown-2.0.2.tgz#003eaf91be7adc372e84ec59dc37252cedb80003"
  integrity sha512-0hJU9SCPvmMzIBdZFqNPXWa6dqh7WdH0cII9y+CyS8rG3nL48Bclra9HmKhVVUHyPWNH5Y7xDwAB7bfgSjkUMQ==
  dependencies:
    function-bind "^1.1.2"

help-me@^5.0.0:
  version "5.0.0"
  resolved "https://registry.yarnpkg.com/help-me/-/help-me-5.0.0.tgz#b1ebe63b967b74060027c2ac61f9be12d354a6f6"
  integrity sha512-7xgomUX6ADmcYzFik0HzAxh/73YlKR9bmFzf51CZwR+b6YtzU2m0u49hQCqV6SvlqIqsaxovfwdvbnsw3b/zpg==

import-meta-resolve@^4.1.0:
  version "4.2.0"
  resolved "https://registry.yarnpkg.com/import-meta-resolve/-/import-meta-resolve-4.2.0.tgz#08cb85b5bd37ecc8eb1e0f670dc2767002d43734"
  integrity sha512-Iqv2fzaTQN28s/FwZAoFq0ZSs/7hMAHJVX+w8PZl3cY19Pxk6jFFalxQoIfW2826i/fDLXv8IiEZRIT0lDuWcg==

joycon@^3.1.1:
  version "3.1.1"
  resolved "https://registry.yarnpkg.com/joycon/-/joycon-3.1.1.tgz#bce8596d6ae808f8b68168f5fc69280996894f03"
  integrity sha512-34wB/Y7MW7bzjKRjUKTa46I2Z7eV62Rkhva+KkopW7Qvv/OSWBqvkSY7vusOPrNuZcUG3tApvdVgNB8POj3SPw==

jsbn@~0.1.0:
  version "0.1.1"
  resolved "https://registry.yarnpkg.com/jsbn/-/jsbn-0.1.1.tgz#a5e654c2e5a2deb5f201d96cefbca80c0ef2f513"
  integrity sha512-UVU9dibq2JcFWxQPA6KCqj5O42VOmAY3zQUfEKxU0KpTGXwNoCjkX1e13eHNvw/xPynt6pU0rZ1htjWTNTSXsg==

json-with-bigint@^3.5.3:
  version "3.5.8"
  resolved "https://registry.yarnpkg.com/json-with-bigint/-/json-with-bigint-3.5.8.tgz#1b1edb55a1bc4816ca87ac684297591acd822383"
  integrity sha512-eq/4KP6K34kwa7TcFdtvnftvHCD9KvHOGGICWwMFc4dOOKF5t4iYqnfLK8otCRCRv06FXOzGGyqE8h8ElMvvdw==

load-json-file@^7.0.1:
  version "7.0.1"
  resolved "https://registry.yarnpkg.com/load-json-file/-/load-json-file-7.0.1.tgz#a3c9fde6beffb6bedb5acf104fad6bb1604e1b00"
  integrity sha512-Gnxj3ev3mB5TkVBGad0JM6dmLiQL+o0t23JPBZ9sd+yvSLk05mFoqKBw5N8gbbkU4TNXyqCgIrl/VM17OgUIgQ==

math-intrinsics@^1.1.0:
  version "1.1.0"
  resolved "https://registry.yarnpkg.com/math-intrinsics/-/math-intrinsics-1.1.0.tgz#a0dd74be81e2aa5c2f27e65ce283605ee4e2b7f9"
  integrity sha512-/IXtbwEk5HTPyEwyKX6hGkYXxM9nbj64B+ilVJnC/R6B0pH5G4V3b0pVbL7DBj4tkhBAppbQUlf6F6Xl9LHu1g==

mime-db@1.52.0:
  version "1.52.0"
  resolved "https://registry.yarnpkg.com/mime-db/-/mime-db-1.52.0.tgz#bbabcdc02859f4987301c856e3387ce5ec43bf70"
  integrity sha512-sPU4uV7dYlvtWJxwwxHD0PuihVNiE7TyAbQ5SWxDCB9mUYvOgroQOwYQQOKPJ8CIbE+1ETVlOoK1UC2nU3gYvg==

mime-types@^2.1.12:
  version "2.1.35"
  resolved "https://registry.yarnpkg.com/mime-types/-/mime-types-2.1.35.tgz#381a871b62a734450660ae3deee44813f70d959a"
  integrity sha512-ZDY+bPm5zTTF+YpCrAU9nK0UgICYPT0QtT1NZWFv4s++TNkcgVaT0g6+4R2uI4MjQjzysHB1zxuWL50hzaeXiw==
  dependencies:
    mime-db "1.52.0"

minimist@^1.2.6:
  version "1.2.8"
  resolved "https://registry.yarnpkg.com/minimist/-/minimist-1.2.8.tgz#c1a464e7693302e082a075cee0c057741ac4772c"
  integrity sha512-2yyAR8qBkN3YuheJanUpWC5U3bb5osDywNB8RzDVlDwDHbocAJveqqj1u8+SVD7jkWT4yvsHCpWqqWqAxb0zCA==

node-domexception@^1.0.0:
  version "1.0.0"
  resolved "https://registry.yarnpkg.com/node-domexception/-/node-domexception-1.0.0.tgz#6888db46a1f71c0b76b3f7555016b63fe64766e5"
  integrity sha512-/jKZoMpw0F8GRwl4/eLROPA3cfcXtLApP0QzLmUT/HuPCZWyB7IY9ZrMeKw2O/nFIqPQB3PVM9aYm0F312AXDQ==

node-fetch@3.3.2:
  version "3.3.2"
  resolved "https://registry.yarnpkg.com/node-fetch/-/node-fetch-3.3.2.tgz#d1e889bacdf733b4ff3b2b243eb7a12866a0b78b"
  integrity sha512-dRB78srN/l6gqWulah9SrxeYnxeddIG30+GOqK/9OlLVyLg3HPnr6SqOWTWOXKRwC2eGYCkZ59NNuSgvSrpgOA==
  dependencies:
    data-uri-to-buffer "^4.0.0"
    fetch-blob "^3.1.4"
    formdata-polyfill "^4.0.10"

npx-import-light@^1.0.0:
  version "1.0.0"
  resolved "https://registry.yarnpkg.com/npx-import-light/-/npx-import-light-1.0.0.tgz#8d9054d7f9d1908cbb1d3ae729a1d0042e1d41ef"
  integrity sha512-OgOY4wh4tfj6G7nKYobbpYg2yhYH/19dz/ZRzcOGN+rP3wjLHTRb6ZMM5UshLu4gbDdwwZ8VX2fXBr4krsYHzQ==

octokit-auth-probot@^4.0.1:
  version "4.2.2"
  resolved "https://registry.yarnpkg.com/octokit-auth-probot/-/octokit-auth-probot-4.2.2.tgz#ba245e6875d2c66dbe64851981e4fa6274aa559d"
  integrity sha512-fxJ8iIu030wh6wSCpT586IIH77+qLCLv0Jofx55aNotNC+8NN6MClE4EU0+3Fez6CRSyYa1RzIh1WcryEBjgRg==
  dependencies:
    "@octokit/auth-app" "^8.1.2"
    "@octokit/auth-token" "^6.0.0"
    "@octokit/auth-unauthenticated" "^7.0.3"
    "@octokit/types" "^16.0.0"

on-exit-leak-free@^2.1.0:
  version "2.1.2"
  resolved "https://registry.yarnpkg.com/on-exit-leak-free/-/on-exit-leak-free-2.1.2.tgz#fed195c9ebddb7d9e4c3842f93f281ac8dadd3b8"
  integrity sha512-0eJJY6hXLGf1udHwfNftBqH+g73EU4B504nZeKpz1sYRKafAghwxEJunB2O7rDZkL4PGfsMVnTXZ2EjibbqcsA==

once@^1.3.1, once@^1.4.0:
  version "1.4.0"
  resolved "https://registry.yarnpkg.com/once/-/once-1.4.0.tgz#583b1aa775961d4b113ac17d9c50baef9dd76bd1"
  integrity sha512-lNaJgI+2Q5URQBkccEKHTQOPaXdUxnZZElQTZY0MFUAuaEqe1E+Nyvgdz/aIyNi6Z9MzO5dv1H8n58/GELp3+w==
  dependencies:
    wrappy "1"

package-config@^5.0.0:
  version "5.0.0"
  resolved "https://registry.yarnpkg.com/package-config/-/package-config-5.0.0.tgz#cba78b7feb3396fa0149caca2c72677ff302b3c4"
  integrity sha512-GYTTew2slBcYdvRHqjhwaaydVMvn/qrGC323+nKclYioNSLTDUM/lGgtGTgyHVtYcozb+XkE8CNhwcraOmZ9Mg==
  dependencies:
    find-up-simple "^1.0.0"
    load-json-file "^7.0.1"

pino-abstract-transport@^3.0.0:
  version "3.0.0"
  resolved "https://registry.yarnpkg.com/pino-abstract-transport/-/pino-abstract-transport-3.0.0.tgz#b21e5f33a297e8c4c915c62b3ce5dd4a87a52c23"
  integrity sha512-wlfUczU+n7Hy/Ha5j9a/gZNy7We5+cXp8YL+X+PG8S0KXxw7n/JXA3c46Y0zQznIJ83URJiwy7Lh56WLokNuxg==
  dependencies:
    split2 "^4.0.0"

pino-http@^11.0.0:
  version "11.0.0"
  resolved "https://registry.yarnpkg.com/pino-http/-/pino-http-11.0.0.tgz#ebadef4694fc59aadab9be7e5939aea625b4615f"
  integrity sha512-wqg5XIAGRRIWtTk8qPGxkbrfiwEWz1lgedVLvhLALudKXvg1/L2lTFgTGPJ4Z2e3qcRmxoFxDuSdMdMGNM6I1g==
  dependencies:
    get-caller-file "^2.0.5"
    pino "^10.0.0"
    pino-std-serializers "^7.0.0"
    process-warning "^5.0.0"

pino-pretty@^13.0.0:
  version "13.1.3"
  resolved "https://registry.yarnpkg.com/pino-pretty/-/pino-pretty-13.1.3.tgz#2274cccda925dd355c104079a5029f6598d0381b"
  integrity sha512-ttXRkkOz6WWC95KeY9+xxWL6AtImwbyMHrL1mSwqwW9u+vLp/WIElvHvCSDg0xO/Dzrggz1zv3rN5ovTRVowKg==
  dependencies:
    colorette "^2.0.7"
    dateformat "^4.6.3"
    fast-copy "^4.0.0"
    fast-safe-stringify "^2.1.1"
    help-me "^5.0.0"
    joycon "^3.1.1"
    minimist "^1.2.6"
    on-exit-leak-free "^2.1.0"
    pino-abstract-transport "^3.0.0"
    pump "^3.0.0"
    secure-json-parse "^4.0.0"
    sonic-boom "^4.0.1"
    strip-json-comments "^5.0.2"

pino-std-serializers@^7.0.0:
  version "7.1.0"
  resolved "https://registry.yarnpkg.com/pino-std-serializers/-/pino-std-serializers-7.1.0.tgz#a7b0cd65225f29e92540e7853bd73b07479893fc"
  integrity sha512-BndPH67/JxGExRgiX1dX0w1FvZck5Wa4aal9198SrRhZjH3GxKQUKIBnYJTdj2HDN3UQAS06HlfcSbQj2OHmaw==

pino@^10.0.0:
  version "10.3.1"
  resolved "https://registry.yarnpkg.com/pino/-/pino-10.3.1.tgz#6552c8f8d8481844c9e452e7bf0be90bff1939ce"
  integrity sha512-r34yH/GlQpKZbU1BvFFqOjhISRo1MNx1tWYsYvmj6KIRHSPMT2+yHOEb1SG6NMvRoHRF0a07kCOox/9yakl1vg==
  dependencies:
    "@pinojs/redact" "^0.4.0"
    atomic-sleep "^1.0.0"
    on-exit-leak-free "^2.1.0"
    pino-abstract-transport "^3.0.0"
    pino-std-serializers "^7.0.0"
    process-warning "^5.0.0"
    quick-format-unescaped "^4.0.3"
    real-require "^0.2.0"
    safe-stable-stringify "^2.3.1"
    sonic-boom "^4.0.1"
    thread-stream "^4.0.0"

probot@14.3.1:
  version "14.3.1"
  resolved "https://registry.yarnpkg.com/probot/-/probot-14.3.1.tgz#46e59d1291364da80b1a0767830d4277595783f4"
  integrity sha512-OSMsfDkr9LNpdJ+yRC98/B4TaZC6EJBgS3OcG8bBQDoo5jKbXLoh97x7mQdkPAJJHR2bEEcsUsTcumHgpT787g==
  dependencies:
    "@octokit/core" "^7.0.3"
    "@octokit/plugin-enterprise-compatibility" "^6.0.1"
    "@octokit/plugin-paginate-rest" "^14.0.0"
    "@octokit/plugin-rest-endpoint-methods" "^17.0.0"
    "@octokit/plugin-retry" "^8.0.1"
    "@octokit/plugin-throttling" "^11.0.1"
    "@octokit/request" "^10.0.3"
    "@octokit/types" "^16.0.0"
    "@octokit/webhooks" "^14.1.2"
    "@probot/get-private-key" "^2.1.1"
    "@probot/octokit-plugin-config" "^4.0.0"
    "@probot/pino" "^5.0.1"
    bottleneck "^2.19.5"
    deepmerge "^4.3.1"
    import-meta-resolve "^4.1.0"
    npx-import-light "^1.0.0"
    octokit-auth-probot "^4.0.1"
    package-config "^5.0.0"
    pino "^10.0.0"
    pino-http "^11.0.0"
    toad-cache "^3.7.0"
    yaml "^2.8.1"

process-warning@^5.0.0:
  version "5.0.0"
  resolved "https://registry.yarnpkg.com/process-warning/-/process-warning-5.0.0.tgz#566e0bf79d1dff30a72d8bbbe9e8ecefe8d378d7"
  integrity sha512-a39t9ApHNx2L4+HBnQKqxxHNs1r7KF+Intd8Q/g1bUh6q0WIp9voPXJ/x0j+ZL45KF1pJd9+q2jLIRMfvEshkA==

pump@^3.0.0:
  version "3.0.4"
  resolved "https://registry.yarnpkg.com/pump/-/pump-3.0.4.tgz#1f313430527fa8b905622ebd22fe1444e757ab3c"
  integrity sha512-VS7sjc6KR7e1ukRFhQSY5LM2uBWAUPiOPa/A3mkKmiMwSmRFUITt0xuj+/lesgnCv+dPIEYlkzrcyXgquIHMcA==
  dependencies:
    end-of-stream "^1.1.0"
    once "^1.3.1"

quick-format-unescaped@^4.0.3:
  version "4.0.4"
  resolved "https://registry.yarnpkg.com/quick-format-unescaped/-/quick-format-unescaped-4.0.4.tgz#93ef6dd8d3453cbc7970dd614fad4c5954d6b5a7"
  integrity sha512-tYC1Q1hgyRuHgloV/YXs2w15unPVh8qfu/qCTfhTYamaw7fyhumKa2yGpdSo87vY32rIclj+4fWYQXUMs9EHvg==

real-require@^0.2.0:
  version "0.2.0"
  resolved "https://registry.yarnpkg.com/real-require/-/real-require-0.2.0.tgz#209632dea1810be2ae063a6ac084fee7e33fba78"
  integrity sha512-57frrGM/OCTLqLOAh0mhVA9VBMHd+9U7Zb2THMGdBUoZVOtGbJzjxsYGDJ3A9AYYCP4hn6y1TVbaOfzWtm5GFg==

safe-stable-stringify@^2.3.1:
  version "2.5.0"
  resolved "https://registry.yarnpkg.com/safe-stable-stringify/-/safe-stable-stringify-2.5.0.tgz#4ca2f8e385f2831c432a719b108a3bf7af42a1dd"
  integrity sha512-b3rppTKm9T+PsVCBEOUR46GWI7fdOs00VKZ1+9c1EWDaDMvjQc6tUwuFyIprgGgTcWoVHSKrU8H31ZHA2e0RHA==

safer-buffer@^2.0.2, safer-buffer@^2.1.0, safer-buffer@~2.1.0:
  version "2.1.2"
  resolved "https://registry.yarnpkg.com/safer-buffer/-/safer-buffer-2.1.2.tgz#44fa161b0187b9549dd84bb91802f9bd8385cd6a"
  integrity sha512-YZo3K82SD7Riyi0E1EQPojLz7kpepnSQI9IyPbHHg1XXXevb5dJI7tpyN2ADxGcQbHG7vcyRHk0cbwqcQriUtg==

secure-json-parse@^4.0.0:
  version "4.1.0"
  resolved "https://registry.yarnpkg.com/secure-json-parse/-/secure-json-parse-4.1.0.tgz#4f1ab41c67a13497ea1b9131bb4183a22865477c"
  integrity sha512-l4KnYfEyqYJxDwlNVyRfO2E4NTHfMKAWdUuA8J0yve2Dz/E/PdBepY03RvyJpssIpRFwJoCD55wA+mEDs6ByWA==

smee-client@5.0.0:
  version "5.0.0"
  resolved "https://registry.yarnpkg.com/smee-client/-/smee-client-5.0.0.tgz#2689efaff19bec9f94d348e54373f4a76955877f"
  integrity sha512-OYL8xPr1Tc0iqGohTGqHO/qEvUrPktK0a2Qcb0Uuj+j4KLnH5bsOhOlmpnmdh4zgzL3OwTfodcmkg5fVgiMUHw==
  dependencies:
    eventsource "^4.0.0"
    undici "^7.0.0"

sonic-boom@^4.0.1:
  version "4.2.1"
  resolved "https://registry.yarnpkg.com/sonic-boom/-/sonic-boom-4.2.1.tgz#28598250df4899c0ac572d7e2f0460690ba6a030"
  integrity sha512-w6AxtubXa2wTXAUsZMMWERrsIRAdrK0Sc+FUytWvYAhBJLyuI4llrMIC1DtlNSdI99EI86KZum2MMq3EAZlF9Q==
  dependencies:
    atomic-sleep "^1.0.0"

split2@^4.0.0:
  version "4.2.0"
  resolved "https://registry.yarnpkg.com/split2/-/split2-4.2.0.tgz#c9c5920904d148bab0b9f67145f245a86aadbfa4"
  integrity sha512-UcjcJOWknrNkF6PLX83qcHM6KHgVKNkV62Y8a5uYDVv9ydGQVwAHMKqHdJje1VTWpljG0WYpCDhrCdAOYH4TWg==

sshpk@1.18.0:
  version "1.18.0"
  resolved "https://registry.yarnpkg.com/sshpk/-/sshpk-1.18.0.tgz#1663e55cddf4d688b86a46b77f0d5fe363aba028"
  integrity sha512-2p2KJZTSqQ/I3+HX42EpYOa2l3f8Erv8MWKsy2I9uf4wA7yFIkXRffYdsx86y6z4vHtV8u7g+pPlr8/4ouAxsQ==
  dependencies:
    asn1 "~0.2.3"
    assert-plus "^1.0.0"
    bcrypt-pbkdf "^1.0.0"
    dashdash "^1.12.0"
    ecc-jsbn "~0.1.1"
    getpass "^0.1.1"
    jsbn "~0.1.0"
    safer-buffer "^2.0.2"
    tweetnacl "~0.14.0"

strip-json-comments@^5.0.2:
  version "5.0.3"
  resolved "https://registry.yarnpkg.com/strip-json-comments/-/strip-json-comments-5.0.3.tgz#b7304249dd402ee67fd518ada993ab3593458bcf"
  integrity sha512-1tB5mhVo7U+ETBKNf92xT4hrQa3pm0MZ0PQvuDnWgAAGHDsfp4lPSpiS6psrSiet87wyGPh9ft6wmhOMQ0hDiw==

thread-stream@^4.0.0:
  version "4.0.0"
  resolved "https://registry.yarnpkg.com/thread-stream/-/thread-stream-4.0.0.tgz#732f007c24da7084f729d6e3a7e3f5934a7380b7"
  integrity sha512-4iMVL6HAINXWf1ZKZjIPcz5wYaOdPhtO8ATvZ+Xqp3BTdaqtAwQkNmKORqcIo5YkQqGXq5cwfswDwMqqQNrpJA==
  dependencies:
    real-require "^0.2.0"

toad-cache@^3.7.0:
  version "3.7.0"
  resolved "https://registry.yarnpkg.com/toad-cache/-/toad-cache-3.7.0.tgz#b9b63304ea7c45ec34d91f1d2fa513517025c441"
  integrity sha512-/m8M+2BJUpoJdgAHoG+baCwBT+tf2VraSfkBgl0Y00qIWt41DJ8R5B8nsEw0I58YwF5IZH6z24/2TobDKnqSWw==

tweetnacl@^0.14.3, tweetnacl@~0.14.0:
  version "0.14.5"
  resolved "https://registry.yarnpkg.com/tweetnacl/-/tweetnacl-0.14.5.tgz#5ae68177f192d4456269d108afa93ff8743f4f64"
  integrity sha512-KXXFFdAbFXY4geFIwoyNK+f5Z1b7swfXABfL7HXCmoIWMKU3dmS26672A4EeQtDzLKy7SXmfBu51JolvEKwtGA==

typescript@6.0.2:
  version "6.0.2"
  resolved "https://registry.yarnpkg.com/typescript/-/typescript-6.0.2.tgz#0b1bfb15f68c64b97032f3d78abbf98bdbba501f"
  integrity sha512-bGdAIrZ0wiGDo5l8c++HWtbaNCWTS4UTv7RaTH/ThVIgjkveJt83m74bBHMJkuCbslY8ixgLBVZJIOiQlQTjfQ==

undici-types@~7.16.0:
  version "7.16.0"
  resolved "https://registry.yarnpkg.com/undici-types/-/undici-types-7.16.0.tgz#ffccdff36aea4884cbfce9a750a0580224f58a46"
  integrity sha512-Zz+aZWSj8LE6zoxD+xrjh4VfkIG8Ya6LvYkZqtUQGJPZjYl53ypCaUwWqo7eI0x66KBGeRo+mlBEkMSeSZ38Nw==

undici-types@~7.18.0:
  version "7.18.2"
  resolved "https://registry.yarnpkg.com/undici-types/-/undici-types-7.18.2.tgz#29357a89e7b7ca4aef3bf0fd3fd0cd73884229e9"
  integrity sha512-AsuCzffGHJybSaRrmr5eHr81mwJU3kjw6M+uprWvCXiNeN9SOGwQ3Jn8jb8m3Z6izVgknn1R0FTCEAP2QrLY/w==

undici@^7.0.0:
  version "7.24.6"
  resolved "https://registry.yarnpkg.com/undici/-/undici-7.24.6.tgz#b7e977e1bab53d0aab3fa5722fc1efff093aa5e9"
  integrity sha512-Xi4agocCbRzt0yYMZGMA6ApD7gvtUFaxm4ZmeacWI4cZxaF6C+8I8QfofC20NAePiB/IcvZmzkJ7XPa471AEtA==

universal-github-app-jwt@^2.2.0:
  version "2.2.2"
  resolved "https://registry.yarnpkg.com/universal-github-app-jwt/-/universal-github-app-jwt-2.2.2.tgz#38537e5a7d154085a35f97601a5e30e9e17717df"
  integrity sha512-dcmbeSrOdTnsjGjUfAlqNDJrhxXizjAz94ija9Qw8YkZ1uu0d+GoZzyH+Jb9tIIqvGsadUfwg+22k5aDqqwzbw==

universal-user-agent@^7.0.0, universal-user-agent@^7.0.2:
  version "7.0.3"
  resolved "https://registry.yarnpkg.com/universal-user-agent/-/universal-user-agent-7.0.3.tgz#c05870a58125a2dc00431f2df815a77fe69736be"
  integrity sha512-TmnEAEAsBJVZM/AADELsK76llnwcf9vMKuPz8JflO1frO8Lchitr0fNaN9d+Ap0BjKtqWqd/J17qeDnXh8CL2A==

web-streams-polyfill@^3.0.3:
  version "3.3.3"
  resolved "https://registry.yarnpkg.com/web-streams-polyfill/-/web-streams-polyfill-3.3.3.tgz#2073b91a2fdb1fbfbd401e7de0ac9f8214cecb4b"
  integrity sha512-d2JWLCivmZYTSIoge9MsgFCZrt571BikcWGYkjC1khllbTeDlGqZ2D8vD8E/lJa8WGWbb7Plm8/XJYV7IJHZZw==

wrappy@1:
  version "1.0.2"
  resolved "https://registry.yarnpkg.com/wrappy/-/wrappy-1.0.2.tgz#b5243d8f3ec1aa35f1364605bc0d1036e30ab69f"
  integrity sha512-l4Sp/DRseor9wL6EvV2+TuQn63dMkPjZ/sp9XkghTEbV9KlPS1xUsZ3u7/IQO4wxtcFB4bgpQPRcR3QCvezPcQ==

yaml@^2.8.1:
  version "2.8.3"
  resolved "https://registry.yarnpkg.com/yaml/-/yaml-2.8.3.tgz#a0d6bd2efb3dd03c59370223701834e60409bd7d"
  integrity sha512-AvbaCLOO2Otw/lW5bmh9d/WEdcDFdQp2Z2ZUH3pX9U2ihyUY0nvLv7J6TrWowklRGPYbB/IuIMfYgxaCPg5Bpg==
